
Microsoft Visual Studio Solution File, Format Version 12.00
# Visual Studio 15
VisualStudioVersion = 15.0.28307.1169
MinimumVisualStudioVersion = 10.0.40219.1
Project("{FAE04EC0-301F-11D3-BF4B-00C04F79EFBC}") = "WpfApp2", "WpfApp2\WpfApp2.csproj", "{9EE235F7-F0D0-4781-B2EC-AEB8036D677F}"
EndProject
Global
	GlobalSection(SolutionConfigurationPlatforms) = preSolution
		Debug|Any CPU = Debug|Any CPU
		Release|Any CPU = Release|Any CPU
	EndGlobalSection
	GlobalSection(ProjectConfigurationPlatforms) = postSolution
		{9EE235F7-F0D0-4781-B2EC-AEB8036D677F}.Debug|Any CPU.ActiveCfg = Debug|Any CPU
		{9EE235F7-F0D0-4781-B2EC-AEB8036D677F}.Debug|Any CPU.Build.0 = Debug|Any CPU
		{9EE235F7-F0D0-4781-B2EC-AEB8036D677F}.Release|Any CPU.ActiveCfg = Release|Any CPU
		{9EE235F7-F0D0-4781-B2EC-AEB8036D677F}.Release|Any CPU.Build.0 = Release|Any CPU
	EndGlobalSection
	GlobalSection(SolutionProperties) = preSolution
		HideSolutionNode = FALSE
	EndGlobalSection
	GlobalSection(ExtensibilityGlobals) = postSolution
		SolutionGuid = {760E702E-8404-4B6D-861E-17F55AA96BE2}
	EndGlobalSection
EndGlobal
